
Microsoft Visual Studio Solution File, Format Version 12.00
# Visual Studio 15
VisualStudioVersion = 15.0.28307.102
MinimumVisualStudioVersion = 10.0.40219.1
Project("{FAE04EC0-301F-11D3-BF4B-00C04F79EFBC}") = "MPapi", "Market-Place-API\MPapi.csproj", "{F51C7033-A473-4DDA-972C-781349DC18A7}"
EndProject
Global
	GlobalSection(SolutionConfigurationPlatforms) = preSolution
		Debug|Any CPU = Debug|Any CPU
		Release|Any CPU = Release|Any CPU
	EndGlobalSection
	GlobalSection(ProjectConfigurationPlatforms) = postSolution
		{F51C7033-A473-4DDA-972C-781349DC18A7}.Debug|Any CPU.ActiveCfg = Debug|Any CPU
		{F51C7033-A473-4DDA-972C-781349DC18A7}.Debug|Any CPU.Build.0 = Debug|Any CPU
		{F51C7033-A473-4DDA-972C-781349DC18A7}.Release|Any CPU.ActiveCfg = Release|Any CPU
		{F51C7033-A473-4DDA-972C-781349DC18A7}.Release|Any CPU.Build.0 = Release|Any CPU
	EndGlobalSection
	GlobalSection(SolutionProperties) = preSolution
		HideSolutionNode = FALSE
	EndGlobalSection
	GlobalSection(ExtensibilityGlobals) = postSolution
		SolutionGuid = {79B42747-9634-4BAF-9A36-171AC47F0E25}
	EndGlobalSection
EndGlobal
